
Microsoft Visual Studio Solution File, Format Version 12.00
# Visual Studio Version 17
VisualStudioVersion = 17.5.002.0
MinimumVisualStudioVersion = 10.0.40219.1
Project("{9A19103F-16F7-4668-BE54-9A1E7A4F7556}") = "tp3-dev-csharp", "tp3-dev-csharp.csproj", "{811BECF2-F68F-41FD-B902-16C64115EA3B}"
EndProject
Global
	GlobalSection(SolutionConfigurationPlatforms) = preSolution
		Debug|Any CPU = Debug|Any CPU
		Release|Any CPU = Release|Any CPU
	EndGlobalSection
	GlobalSection(ProjectConfigurationPlatforms) = postSolution
		{811BECF2-F68F-41FD-B902-16C64115EA3B}.Debug|Any CPU.ActiveCfg = Debug|Any CPU
		{811BECF2-F68F-41FD-B902-16C64115EA3B}.Debug|Any CPU.Build.0 = Debug|Any CPU
		{811BECF2-F68F-41FD-B902-16C64115EA3B}.Release|Any CPU.ActiveCfg = Release|Any CPU
		{811BECF2-F68F-41FD-B902-16C64115EA3B}.Release|Any CPU.Build.0 = Release|Any CPU
	EndGlobalSection
	GlobalSection(SolutionProperties) = preSolution
		HideSolutionNode = FALSE
	EndGlobalSection
	GlobalSection(ExtensibilityGlobals) = postSolution
		SolutionGuid = {E084E2A3-A1E6-4848-92E7-B9E95F4D9BEC}
	EndGlobalSection
EndGlobal
